
Microsoft Visual Studio Solution File, Format Version 12.00
# Visual Studio Version 17
VisualStudioVersion = 17.6.33815.320
MinimumVisualStudioVersion = 10.0.40219.1
Project("{FAE04EC0-301F-11D3-BF4B-00C04F79EFBC}") = "E-Library", "E-Library\E-Library.csproj", "{20F76193-DFD0-491A-BB8A-91B1C80FAB08}"
EndProject
Global
	GlobalSection(SolutionConfigurationPlatforms) = preSolution
		Debug|Any CPU = Debug|Any CPU
		Release|Any CPU = Release|Any CPU
	EndGlobalSection
	GlobalSection(ProjectConfigurationPlatforms) = postSolution
		{20F76193-DFD0-491A-BB8A-91B1C80FAB08}.Debug|Any CPU.ActiveCfg = Debug|Any CPU
		{20F76193-DFD0-491A-BB8A-91B1C80FAB08}.Debug|Any CPU.Build.0 = Debug|Any CPU
		{20F76193-DFD0-491A-BB8A-91B1C80FAB08}.Release|Any CPU.ActiveCfg = Release|Any CPU
		{20F76193-DFD0-491A-BB8A-91B1C80FAB08}.Release|Any CPU.Build.0 = Release|Any CPU
	EndGlobalSection
	GlobalSection(SolutionProperties) = preSolution
		HideSolutionNode = FALSE
	EndGlobalSection
	GlobalSection(ExtensibilityGlobals) = postSolution
		SolutionGuid = {86117123-1C42-4FAB-B98E-BE830E792322}
	EndGlobalSection
EndGlobal
